github.com/google/go-cmp v0.6.0 h1:ofyhxvXcZhMsU5ulbFiLKl/XBFqE1GSq7atu8tAmTRI=
github.com/google/go-cmp v0.6.0/go.mod h1:17dUlkBOakJ0+DkrSSNjCkIjxS6bF9zb3elmeNGIjoY=
github.com/wenooij/heapordered v0.0.0-20240106012105-89e802df825f h1:B4J3pN9JOyTdql3H73nFiUxwlpdksL5DztQXUXNroJI=
github.com/wenooij/heapordered v0.0.0-20240106012105-89e802df825f/go.mod h1:YeuEtIWDc+439SGM3YWrj43aWNjo1G3B82xo4ScxRO4=
github.com/wenooij/heapordered v0.0.0-20240106024756-89bb0f5ff9cd h1:d52hxKzo4YkRMzZy/noUNozFj8/b8VZq6gaLuPuF94w=
github.com/wenooij/heapordered v0.0.0-20240106024756-89bb0f5ff9cd/go.mod h1:YeuEtIWDc+439SGM3YWrj43aWNjo1G3B82xo4ScxRO4=
