github.com/google/go-cmp v0.6.0 h1:ofyhxvXcZhMsU5ulbFiLKl/XBFqE1GSq7atu8tAmTRI=
github.com/google/go-cmp v0.6.0/go.mod h1:17dUlkBOakJ0+DkrSSNjCkIjxS6bF9zb3elmeNGIjoY=
github.com/wenooij/heapordered v0.0.0-20240106192900-6de04909bffa h1:PJCHVI60rrPS9B81cInXHnWdrh4dOxAmV3q3JXAuKVo=
github.com/wenooij/heapordered v0.0.0-20240106192900-6de04909bffa/go.mod h1:YeuEtIWDc+439SGM3YWrj43aWNjo1G3B82xo4ScxRO4=
github.com/wenooij/mcts v0.0.0-20240110041444-59b7b48a65d7 h1:tjiitfKEmZrGprpUsCG57wuJ2dzMCVQq+o+wrMaaoGw=
github.com/wenooij/mcts v0.0.0-20240110041444-59b7b48a65d7/go.mod h1:YSyBMr8z0n/5ILajfm13CRm5Q0MubBDEN4bUmWME5Io=
golang.org/x/exp v0.0.0-20240103183307-be819d1f06fc h1:ao2WRsKSzW6KuUY9IWPwWahcHCgR0s52IfwutMfEbdM=
golang.org/x/exp v0.0.0-20240103183307-be819d1f06fc/go.mod h1:iRJReGqOEeBhDZGkGbynYwcHlctCvnjTYIamk7uXpHI=
