github.com/wenooij/heapordered v0.0.0-20240121043232-06dcc2753d12 h1:qZrcmd3Y+eIEps5mkEZDnlTVDcAAlqiETdp2o/nNGz0=
github.com/wenooij/heapordered v0.0.0-20240121043232-06dcc2753d12/go.mod h1:YeuEtIWDc+439SGM3YWrj43aWNjo1G3B82xo4ScxRO4=
github.com/wenooij/mcts v0.0.0-20240121045402-a6e495120946 h1:GiycK8jFzUg/zBFfF2wTTtywayfpWzNKnOA6Ty0xICU=
github.com/wenooij/mcts v0.0.0-20240121045402-a6e495120946/go.mod h1:Qbnz05be6/HMMdH8n9ujEjRz36e+4EvIbWG1fGNDX5M=
github.com/wenooij/mcts/model v0.0.0-20240121043607-745ca436676b h1:RGU7RTxJIiFY8U2uChQ6z55agHVoJeM09Iu+8gigIR8=
github.com/wenooij/mcts/model v0.0.0-20240121043607-745ca436676b/go.mod h1:9sYCYLO9hhzOZCkFpqsYOKJ9g28lVhVQ5qp6Oiyn0HQ=
github.com/wenooij/mcts/model/dummy v0.0.0-20240121043607-745ca436676b h1:tUAJO7w7sDvRZ4Av0H9Gij8J+/FZJE7ReUle16B3YII=
github.com/wenooij/mcts/model/dummy v0.0.0-20240121043607-745ca436676b/go.mod h1:sSbAkx4XRaI7um2PyfUQ+9qxUf21Kv4vorBt2oMgsLI=
